
Microsoft Visual Studio Solution File, Format Version 12.00
# Visual Studio 15
VisualStudioVersion = 15.0.27703.2035
MinimumVisualStudioVersion = 10.0.40219.1
Project("{FAE04EC0-301F-11D3-BF4B-00C04F79EFBC}") = "Task01", "Task01\Task01.csproj", "{AF2A7151-8327-475D-B7D2-B88AE92DB7E5}"
EndProject
Project("{FAE04EC0-301F-11D3-BF4B-00C04F79EFBC}") = "Task02", "T\Task02.csproj", "{C7C63092-A582-4C81-A4CC-9FB859D826C4}"
EndProject
Project("{FAE04EC0-301F-11D3-BF4B-00C04F79EFBC}") = "Task03", "Task03\Task03.csproj", "{575123E8-4E15-4472-8892-8BBDB186C85F}"
EndProject
Global
	GlobalSection(SolutionConfigurationPlatforms) = preSolution
		Debug|Any CPU = Debug|Any CPU
		Release|Any CPU = Release|Any CPU
	EndGlobalSection
	GlobalSection(ProjectConfigurationPlatforms) = postSolution
		{AF2A7151-8327-475D-B7D2-B88AE92DB7E5}.Debug|Any CPU.ActiveCfg = Debug|Any CPU
		{AF2A7151-8327-475D-B7D2-B88AE92DB7E5}.Debug|Any CPU.Build.0 = Debug|Any CPU
		{AF2A7151-8327-475D-B7D2-B88AE92DB7E5}.Release|Any CPU.ActiveCfg = Release|Any CPU
		{AF2A7151-8327-475D-B7D2-B88AE92DB7E5}.Release|Any CPU.Build.0 = Release|Any CPU
		{C7C63092-A582-4C81-A4CC-9FB859D826C4}.Debug|Any CPU.ActiveCfg = Debug|Any CPU
		{C7C63092-A582-4C81-A4CC-9FB859D826C4}.Debug|Any CPU.Build.0 = Debug|Any CPU
		{C7C63092-A582-4C81-A4CC-9FB859D826C4}.Release|Any CPU.ActiveCfg = Release|Any CPU
		{C7C63092-A582-4C81-A4CC-9FB859D826C4}.Release|Any CPU.Build.0 = Release|Any CPU
		{575123E8-4E15-4472-8892-8BBDB186C85F}.Debug|Any CPU.ActiveCfg = Debug|Any CPU
		{575123E8-4E15-4472-8892-8BBDB186C85F}.Debug|Any CPU.Build.0 = Debug|Any CPU
		{575123E8-4E15-4472-8892-8BBDB186C85F}.Release|Any CPU.ActiveCfg = Release|Any CPU
		{575123E8-4E15-4472-8892-8BBDB186C85F}.Release|Any CPU.Build.0 = Release|Any CPU
	EndGlobalSection
	GlobalSection(SolutionProperties) = preSolution
		HideSolutionNode = FALSE
	EndGlobalSection
	GlobalSection(ExtensibilityGlobals) = postSolution
		SolutionGuid = {AEC8FF24-8722-4B56-BFD4-5FCE6F40ADAC}
	EndGlobalSection
EndGlobal
